dagger.io/dagger v0.8.7 h1:3wGzK9RKjLcNk5AnIYqkO7TzIJyftb8fT+h0WM9chAM=
dagger.io/dagger v0.8.7/go.mod h1:DbJi6aSXaRLuio0lHlnpNxfuAL5uMJvRy4UIytmbtLo=
github.com/99designs/gqlgen v0.17.31 h1:VncSQ82VxieHkea8tz11p7h/zSbvHSxSDZfywqWt158=
github.com/99designs/gqlgen v0.17.31/go.mod h1:i4rEatMrzzu6RXaHydq1nmEPZkb3bKQsnxNRHS4DQB4=
github.com/BurntSushi/toml v1.3.2 h1:o7IhLm0Msx3BaB+n3Ag7L8EVlByGnpq14C4YWiu/gL8=
github.com/BurntSushi/toml v1.3.2/go.mod h1:CxXYINrC8qIiEnFrOxCa7Jy5BFHlXnUU2pbicEuybxQ=
github.com/Khan/genqlient v0.6.0 h1:Bwb1170ekuNIVIwTJEqvO8y7RxBxXu639VJOkKSrwAk=
github.com/Khan/genqlient v0.6.0/go.mod h1:rvChwWVTqXhiapdhLDV4bp9tz/Xvtewwkon4DpWWCRM=
github.com/adrg/xdg v0.4.0 h1:RzRqFcjH4nE5C6oTAxhBtoE2IRyjBSa62SCbyPidvls=
github.com/adrg/xdg v0.4.0/go.mod h1:N6ag73EX4wyxeaoeHctc1mas01KZgsj5tYiAIwqJE/E=
github.com/agnivade/levenshtein v1.1.1 h1:QY8M92nrzkmr798gCo3kmMyqXFzdQVpxLlGPRBij0P8=
github.com/agnivade/levenshtein v1.1.1/go.mod h1:veldBMzWxcCG2ZvUTKD2kJNRdCk5hVbJomOvKkmgYbo=
github.com/andreyvit/diff v0.0.0-20170406064948-c7f18ee00883 h1:bvNMNQO63//z+xNgfBlViaCIJKLlCJ6/fmUseuG0wVQ=
github.com/andreyvit/diff v0.0.0-20170406064948-c7f18ee00883/go.mod h1:rCTlJbsFo29Kk6CurOXKm700vrz8f0KW0JNfpkRJY/8=
github.com/antlabs/stl v0.0.1 h1:TRD3csCrjREeLhLoQ/supaoCvFhNLBTNIwuRGrDIs6Q=
github.com/antlabs/stl v0.0.1/go.mod h1:wvVwP1loadLG3cRjxUxK8RL4Co5xujGaZlhbztmUEqQ=
github.com/antlabs/timer v0.0.11 h1:z75oGFLeTqJHMOcWzUPBKsBbQAz4Ske3AfqJ7bsdcwU=
github.com/antlabs/timer v0.0.11/go.mod h1:JNV8J3yGvMKhCavGXgj9HXrVZkfdQyKCcqXBT8RdyuU=
github.com/bwmarrin/snowflake v0.3.0 h1:xm67bEhkKh6ij1790JB83OujPR5CzNe8QuQqAgISZN0=
github.com/bwmarrin/snowflake v0.3.0/go.mod h1:NdZxfVWX+oR6y2K0o6qAYv6gIOP9rjG0/E9WsDpxqwE=
github.com/davecgh/go-spew v1.1.0/go.mod h1:J7Y8YcW2NihsgmVo/mv3lAwl/skON4iLHjSsI+c5H38=
github.com/davecgh/go-spew v1.1.1 h1:vj9j/u1bqnvCEfJOwUhtlOARqs3+rkHYY13jYWTU97c=
github.com/davecgh/go-spew v1.1.1/go.mod h1:J7Y8YcW2NihsgmVo/mv3lAwl/skON4iLHjSsI+c5H38=
github.com/emirpasic/gods v1.18.1 h1:FXtiHYKDGKCW2KzwZKx0iC0PQmdlorYgdFG9jPXJ1Bc=
github.com/emirpasic/gods v1.18.1/go.mod h1:8tpGGwCnJ5H4r6BWwaV6OrWmMoPhUl5jm/FMNAnJvWQ=
github.com/gofrs/flock v0.8.1 h1:+gYjHKf32LDeiEEFhQaotPbLuUXjY5ZqxKgXy7n59aw=
github.com/gofrs/flock v0.8.1/go.mod h1:F1TvTiK9OcQqauNUHlbJvyl9Qa1QvF/gOUDKA14jxHU=
github.com/golang/protobuf v1.5.0/go.mod h1:FsONVRAS9T7sI+LIUmWTfcYkHO4aIWwzhcaSAoJOfIk=
github.com/google/go-cmp v0.5.5/go.mod h1:v8dTdLbMG2kIc/vJvl+f65V22dbkXbowE6jgT/gNBxE=
github.com/google/go-cmp v0.5.9 h1:O2Tfq5qg4qc4AmwVlvv0oLiVAGB7enBSJ2x2DqQFi38=
github.com/google/go-cmp v0.5.9/go.mod h1:17dUlkBOakJ0+DkrSSNjCkIjxS6bF9zb3elmeNGIjoY=
github.com/iancoleman/strcase v0.3.0 h1:nTXanmYxhfFAMjZL34Ov6gkzEsSJZ5DbhxWjvSASxEI=
github.com/iancoleman/strcase v0.3.0/go.mod h1:iwCmte+B7n89clKwxIoIXy/HfoL7AsD47ZCWhYzw7ho=
github.com/mattn/go-sqlite3 v1.14.17 h1:mCRHCLDUBXgpKAqIKsaAaAsrAlbkeomtRFKXh2L6YIM=
github.com/mattn/go-sqlite3 v1.14.17/go.mod h1:2eHXhiwb8IkHr+BDWZGa96P6+rkvnG63S2DGjv9HUNg=
github.com/mitchellh/go-homedir v1.1.0 h1:lukF9ziXFxDFPkA1vsr5zpc1XuPDn/wFntq5mG+4E0Y=
github.com/mitchellh/go-homedir v1.1.0/go.mod h1:SfyaCUpYCn1Vlf4IUYiD9fPX4A5wJrkLzIz1N1q0pr0=
github.com/nutsdb/nutsdb v0.14.1 h1:z+Kth/kz2oYqKmOMBZho1YK2183xjrcl6KExRtCFl18=
github.com/nutsdb/nutsdb v0.14.1/go.mod h1:6inOji9rFBporXeHDjJny4g50RpQbkjSK5jI1hht0j8=
github.com/pkg/errors v0.9.1 h1:FEBLx1zS214owpjy7qsBeixbURkuhQAwrK5UwLGTwt4=
github.com/pkg/errors v0.9.1/go.mod h1:bwawxfHBFNV+L2hUp1rHADufV3IMtnDRdf1r5NINEl0=
github.com/pmezard/go-difflib v1.0.0 h1:4DBwDE0NGyQoBHbLQYPwSUPoCMWR5BEzIk/f1lZbAQM=
github.com/pmezard/go-difflib v1.0.0/go.mod h1:iKH77koFhYxTK1pcRnkKkqfTogsbg7gZNVY4sRDYZ/4=
github.com/sergi/go-diff v1.3.1 h1:xkr+Oxo4BOQKmkn/B9eMK0g5Kg/983T9DqqPHwYqD+8=
github.com/sergi/go-diff v1.3.1/go.mod h1:aMJSSKb2lpPvRNec0+w3fl7LP9IOFzdc9Pa4NFbPK1I=
github.com/stretchr/objx v0.1.0/go.mod h1:HFkY916IF+rwdDfMAkV7OtwuqBVzrE8GR6GFx+wExME=
github.com/stretchr/testify v1.6.1/go.mod h1:6Fq8oRcR53rry900zMqJjRRixrwX3KX962/h/Wwjteg=
github.com/stretchr/testify v1.7.0/go.mod h1:6Fq8oRcR53rry900zMqJjRRixrwX3KX962/h/Wwjteg=
github.com/stretchr/testify v1.8.2 h1:+h33VjcLVPDHtOdpUCuF+7gSuG3yGIftsP1YvFihtJ8=
github.com/stretchr/testify v1.8.2/go.mod h1:w2LPCIKwWwSfY2zedu0+kehJoqGctiVI29o6fzry7u4=
github.com/tetratelabs/wazero v1.5.0 h1:Yz3fZHivfDiZFUXnWMPUoiW7s8tC1sjdBtlJn08qYa0=
github.com/tetratelabs/wazero v1.5.0/go.mod h1:0U0G41+ochRKoPKCJlh0jMg1CHkyfK8kDqiirMmKY8A=
github.com/tidwall/btree v1.7.0 h1:L1fkJH/AuEh5zBnnBbmTwQ5Lt+bRJ5A8EWecslvo9iI=
github.com/tidwall/btree v1.7.0/go.mod h1:twD9XRA5jj9VUQGELzDO4HPQTNJsoWWfYEL+EUQ2cKY=
github.com/vektah/gqlparser/v2 v2.5.10 h1:6zSM4azXC9u4Nxy5YmdmGu4uKamfwsdKTwp5zsEealU=
github.com/vektah/gqlparser/v2 v2.5.10/go.mod h1:1rCcfwB2ekJofmluGWXMSEnPMZgbxzwj6FaZ/4OT8Cc=
github.com/xujiajun/mmap-go v1.0.1 h1:7Se7ss1fLPPRW+ePgqGpCkfGIZzJV6JPq9Wq9iv/WHc=
github.com/xujiajun/mmap-go v1.0.1/go.mod h1:CNN6Sw4SL69Sui00p0zEzcZKbt+5HtEnYUsc6BKKRMg=
github.com/xujiajun/utils v0.0.0-20220904132955-5f7c5b914235 h1:w0si+uee0iAaCJO9q86T6yrhdadgcsoNuh47LrUykzg=
github.com/xujiajun/utils v0.0.0-20220904132955-5f7c5b914235/go.mod h1:MR4+0R6A9NS5IABnIM3384FfOq8QFVnm7WDrBOhIaMU=
golang.org/x/sync v0.3.0 h1:ftCYgMx6zT/asHUrPw8BLLscYtGznsLAnjq5RH9P66E=
golang.org/x/sync v0.3.0/go.mod h1:FU7BRWz2tNW+3quACPkgCx/L+uEAv1htQ0V83Z9Rj+Y=
golang.org/x/sys v0.0.0-20181221143128-b4a75ba826a6/go.mod h1:STP8DvDyc/dI5b8T5hshtkjS+E42TnysNCUPdjciGhY=
golang.org/x/sys v0.0.0-20211025201205-69cdffdb9359/go.mod h1:oPkhp1MJrh7nUepCBck5+mAzfO9JrbApNNgaTdGDITg=
golang.org/x/sys v0.12.0 h1:CM0HF96J0hcLAwsHPJZjfdNzs0gftsLfgKt57wWHJ0o=
golang.org/x/sys v0.12.0/go.mod h1:oPkhp1MJrh7nUepCBck5+mAzfO9JrbApNNgaTdGDITg=
golang.org/x/xerrors v0.0.0-20191204190536-9bdfabe68543/go.mod h1:I/5z698sn9Ka8TeJc9MKroUUfqBBauWjQqLJ2OPfmY0=
google.golang.org/protobuf v1.26.0-rc.1/go.mod h1:jlhhOSvTdKEhbULTjvd4ARK9grFBp09yW+WbY/TyQbw=
google.golang.org/protobuf v1.31.0 h1:g0LDEJHgrBl9N9r17Ru3sqWhkIx2NB67okBHPwC7hs8=
google.golang.org/protobuf v1.31.0/go.mod h1:HV8QOd/L58Z+nl8r43ehVNZIU/HEI6OcFqwMG9pJV4I=
gopkg.in/check.v1 v0.0.0-20161208181325-20d25e280405 h1:yhCVgyC4o1eVCa2tZl7eS0r+SDo693bJlVdllGtEeKM=
gopkg.in/check.v1 v0.0.0-20161208181325-20d25e280405/go.mod h1:Co6ibVJAznAaIkqp8huTwlJQCZ016jof/cbN4VW5Yz0=
gopkg.in/go-playground/assert.v1 v1.2.1 h1:xoYuJVE7KT85PYWrN730RguIQO0ePzVRfFMXadIrXTM=
gopkg.in/go-playground/assert.v1 v1.2.1/go.mod h1:9RXL0bg/zibRAgZUYszZSwO/z8Y/a8bDuhia5mkpMnE=
gopkg.in/yaml.v3 v3.0.0-20200313102051-9f266ea9e77c/go.mod h1:K4uyk7z7BCEPqu6E+C64Yfv1cQ7kz7rIZviUmN+EgEM=
gopkg.in/yaml.v3 v3.0.1 h1:fxVm/GzAzEWqLHuvctI91KS9hhNmmWOoWu0XTYJS7CA=
gopkg.in/yaml.v3 v3.0.1/go.mod h1:K4uyk7z7BCEPqu6E+C64Yfv1cQ7kz7rIZviUmN+EgEM=
