github.com/antlr/antlr4 v0.0.0-20181218183524-be58ebffde8e h1:yxMh4HIdsSh2EqxUESWvzszYMNzOugRyYCeohfwNULM=
github.com/antlr/antlr4 v0.0.0-20181218183524-be58ebffde8e/go.mod h1:T7PbCXFs94rrTttyxjbyT5+/1V8T2TYDejxUfHJjw1Y=
github.com/antlr/antlr4/runtime/Go/antlr v1.4.10 h1:yL7+Jz0jTC6yykIK/Wh74gnTJnrGr5AyrNMXuA0gves=
github.com/antlr/antlr4/runtime/Go/antlr v1.4.10/go.mod h1:F7bn7fEU90QkQ3tnmaTx3LTKLEDqnwWODIYppRQ5hnY=
golang.org/x/exp v0.0.0-20220929160808-de9c53c655b9 h1:lNtcVz/3bOstm7Vebox+5m3nLh/BYWnhmc3AhXOW6oI=
golang.org/x/exp v0.0.0-20220929160808-de9c53c655b9/go.mod h1:cyybsKvd6eL0RnXn6p/Grxp8F5bW7iYuBgsNCOHpMYE=
